
Microsoft Visual Studio Solution File, Format Version 12.00
# Visual Studio Version 16
VisualStudioVersion = 16.0.31515.178
MinimumVisualStudioVersion = 10.0.40219.1
Project("{FAE04EC0-301F-11D3-BF4B-00C04F79EFBC}") = "SikhHistory2", "SikhHistory2\SikhHistory2.csproj", "{B9A40BA6-4ED7-4FF7-9214-F1EE12462BF3}"
EndProject
Global
	GlobalSection(SolutionConfigurationPlatforms) = preSolution
		Debug|Any CPU = Debug|Any CPU
		Release|Any CPU = Release|Any CPU
	EndGlobalSection
	GlobalSection(ProjectConfigurationPlatforms) = postSolution
		{B9A40BA6-4ED7-4FF7-9214-F1EE12462BF3}.Debug|Any CPU.ActiveCfg = Debug|Any CPU
		{B9A40BA6-4ED7-4FF7-9214-F1EE12462BF3}.Debug|Any CPU.Build.0 = Debug|Any CPU
		{B9A40BA6-4ED7-4FF7-9214-F1EE12462BF3}.Release|Any CPU.ActiveCfg = Release|Any CPU
		{B9A40BA6-4ED7-4FF7-9214-F1EE12462BF3}.Release|Any CPU.Build.0 = Release|Any CPU
	EndGlobalSection
	GlobalSection(SolutionProperties) = preSolution
		HideSolutionNode = FALSE
	EndGlobalSection
	GlobalSection(ExtensibilityGlobals) = postSolution
		SolutionGuid = {F302B24F-68A5-4EE3-B4E7-2582655FA153}
	EndGlobalSection
EndGlobal
